
Microsoft Visual Studio Solution File, Format Version 12.00
# Visual Studio Version 16
VisualStudioVersion = 16.0.31911.196
MinimumVisualStudioVersion = 10.0.40219.1
Project("{9A19103F-16F7-4668-BE54-9A1E7A4F7556}") = "Feedback2.0", "Feedback2.0\Feedback2.0.csproj", "{9F9530F0-F541-4371-BC41-3090FFFD91FC}"
EndProject
Project("{FAE04EC0-301F-11D3-BF4B-00C04F79EFBC}") = "Feedback.DAL", "Feedback.DAL\Feedback.DAL.csproj", "{78CDDED1-5DAF-4A94-8078-A2B6C0120BA9}"
EndProject
Project("{FAE04EC0-301F-11D3-BF4B-00C04F79EFBC}") = "Feedback.Services", "Feedback.Services\Feedback.Services.csproj", "{0C2319C0-B968-4CBC-8592-E655C963CD59}"
EndProject
Global
	GlobalSection(SolutionConfigurationPlatforms) = preSolution
		Debug|Any CPU = Debug|Any CPU
		Release|Any CPU = Release|Any CPU
	EndGlobalSection
	GlobalSection(ProjectConfigurationPlatforms) = postSolution
		{9F9530F0-F541-4371-BC41-3090FFFD91FC}.Debug|Any CPU.ActiveCfg = Debug|Any CPU
		{9F9530F0-F541-4371-BC41-3090FFFD91FC}.Debug|Any CPU.Build.0 = Debug|Any CPU
		{9F9530F0-F541-4371-BC41-3090FFFD91FC}.Release|Any CPU.ActiveCfg = Release|Any CPU
		{9F9530F0-F541-4371-BC41-3090FFFD91FC}.Release|Any CPU.Build.0 = Release|Any CPU
		{78CDDED1-5DAF-4A94-8078-A2B6C0120BA9}.Debug|Any CPU.ActiveCfg = Debug|Any CPU
		{78CDDED1-5DAF-4A94-8078-A2B6C0120BA9}.Debug|Any CPU.Build.0 = Debug|Any CPU
		{78CDDED1-5DAF-4A94-8078-A2B6C0120BA9}.Release|Any CPU.ActiveCfg = Release|Any CPU
		{78CDDED1-5DAF-4A94-8078-A2B6C0120BA9}.Release|Any CPU.Build.0 = Release|Any CPU
		{0C2319C0-B968-4CBC-8592-E655C963CD59}.Debug|Any CPU.ActiveCfg = Debug|Any CPU
		{0C2319C0-B968-4CBC-8592-E655C963CD59}.Debug|Any CPU.Build.0 = Debug|Any CPU
		{0C2319C0-B968-4CBC-8592-E655C963CD59}.Release|Any CPU.ActiveCfg = Release|Any CPU
		{0C2319C0-B968-4CBC-8592-E655C963CD59}.Release|Any CPU.Build.0 = Release|Any CPU
	EndGlobalSection
	GlobalSection(SolutionProperties) = preSolution
		HideSolutionNode = FALSE
	EndGlobalSection
	GlobalSection(ExtensibilityGlobals) = postSolution
		SolutionGuid = {AF0A08F1-441C-428E-A6D8-9949F30C801E}
	EndGlobalSection
EndGlobal
